
Microsoft Visual Studio Solution File, Format Version 12.00
# Visual Studio 2013
VisualStudioVersion = 12.0.40629.0
MinimumVisualStudioVersion = 10.0.40219.1
Project("{FAE04EC0-301F-11D3-BF4B-00C04F79EFBC}") = "FileReName", "FileReName\FileReName.csproj", "{EB3DB222-36A6-4D53-8C61-79F543A6D5D8}"
EndProject
Global
	GlobalSection(SolutionConfigurationPlatforms) = preSolution
		Debug|Any CPU = Debug|Any CPU
		Release|Any CPU = Release|Any CPU
	EndGlobalSection
	GlobalSection(ProjectConfigurationPlatforms) = postSolution
		{EB3DB222-36A6-4D53-8C61-79F543A6D5D8}.Debug|Any CPU.ActiveCfg = Debug|Any CPU
		{EB3DB222-36A6-4D53-8C61-79F543A6D5D8}.Debug|Any CPU.Build.0 = Debug|Any CPU
		{EB3DB222-36A6-4D53-8C61-79F543A6D5D8}.Release|Any CPU.ActiveCfg = Release|Any CPU
		{EB3DB222-36A6-4D53-8C61-79F543A6D5D8}.Release|Any CPU.Build.0 = Release|Any CPU
	EndGlobalSection
	GlobalSection(SolutionProperties) = preSolution
		HideSolutionNode = FALSE
	EndGlobalSection
	GlobalSection(ExtensibilityGlobals) = postSolution
		VisualSVNWorkingCopyRoot = .
		SolutionGuid = {9FE499F6-A935-4616-BA64-DFD9E6F4DBE8}
	EndGlobalSection
EndGlobal
